filippo.io/edwards25519 v1.1.0 h1:FNf4tywRC1HmFuKW5xopWpigGjJKiJSV0Cqo0cJWDaA=
filippo.io/edwards25519 v1.1.0/go.mod h1:BxyFTGdWcka3PhytdK4V28tE5sGfRvvvRV7EaN4VDT4=
filippo.io/edwards25519 v1.1.1 h1:YpjwWWlNmGIDyXOn8zLzqiD+9TyIlPhGFG96P39uBpw=
filippo.io/edwards25519 v1.1.1/go.mod h1:BxyFTGdWcka3PhytdK4V28tE5sGfRvvvRV7EaN4VDT4=
github.com/KarpelesLab/anyhash v0.1.1 h1:CvBrGpihC7zq7ri1f0d1dJ8kM6D1WFJz8Zq3KL6keBE=
github.com/KarpelesLab/anyhash v0.1.1/go.mod h1:IvBYny3trvcUSxz6kckTgGZFBTSkYFuRFK28igymUsk=
github.com/KarpelesLab/anyhash v0.1.2 h1:xm5DeL5AjkK2200xQVcIHwh2ZhJtWPUXNhGHs5EEtus=
github.com/KarpelesLab/anyhash v0.1.2/go.mod h1:IvBYny3trvcUSxz6kckTgGZFBTSkYFuRFK28igymUsk=
github.com/KarpelesLab/anyhash v0.1.3 h1:vGa1t7n6/+sZVSe+3nUR29fOLXiN09BsvvHguwdWuCI=
github.com/KarpelesLab/anyhash v0.1.3/go.mod h1:IvBYny3trvcUSxz6kckTgGZFBTSkYFuRFK28igymUsk=
github.com/KarpelesLab/anyhash v0.1.4 h1:QIZ8ewwyp+qvFNlKBcTWli0ASvCU5VOeNSgHEWia4PA=
github.com/KarpelesLab/anyhash v0.1.4/go.mod h1:IvBYny3trvcUSxz6kckTgGZFBTSkYFuRFK28igymUsk=
github.com/KarpelesLab/anyhash v0.1.5 h1:nXiUMv6O7a2HoayaKc9ZAOypWHVccFMkU80RPl39f6E=
github.com/KarpelesLab/anyhash v0.1.5/go.mod h1:IvBYny3trvcUSxz6kckTgGZFBTSkYFuRFK28igymUsk=
github.com/KarpelesLab/gobzip2 v0.0.0-20260330172500-4c38ea919286 h1:3RCQ/dyIuGPQEWbVYvuW+pCMofs3yxr0+B408Ez55Oc=
github.com/KarpelesLab/gobzip2 v0.0.0-20260330172500-4c38ea919286/go.mod h1:5v5i0AelH26iGSMNde1j+gqLh48Bljx6gEwLMUNIWWo=
github.com/KarpelesLab/gogd v0.1.0 h1:gLch4nf75kuECIwH+TJx7ElZB4300wFSmqty3HWKpHQ=
github.com/KarpelesLab/gogd v0.1.0/go.mod h1:JGDHCI9GVkIOUgKHkom/0tbr6YjlF0FZcCCmK8998Zw=
github.com/KarpelesLab/gopcre2 v0.1.0 h1:ksv0iCXdL/Pu4Eyzv9X5Z6guoyzXtDucNrGs02LPhYE=
github.com/KarpelesLab/gopcre2 v0.1.0/go.mod h1:w4Ja96AdGHjoVq4sGo4CNzMCtuJ3ScjeDYWc1G+GWuc=
github.com/KarpelesLab/gotz v0.0.0-20260331044548-0249ecf14871 h1:v8Qe0uH4KUee23Mef/p4RLIPVSa3+tAx2Z1Bj6DK51c=
github.com/KarpelesLab/gotz v0.0.0-20260331044548-0249ecf14871/go.mod h1:20mrJ9XoNEaGc4W2UioCfGIYx6lncr3a9yseSty+dZ0=
github.com/KarpelesLab/gotz v0.1.0 h1:+6W2nk3yyiDkMnTfkyCa1lV1WdpyManC3PR2ioL17Z0=
github.com/KarpelesLab/gotz v0.1.0/go.mod h1:20mrJ9XoNEaGc4W2UioCfGIYx6lncr3a9yseSty+dZ0=
github.com/KarpelesLab/gotz v0.1.1 h1:cKE7cFGEGG7yO8reDjUccwJco6BSo1qbLCeYfvdKgPA=
github.com/KarpelesLab/gotz v0.1.1/go.mod h1:20mrJ9XoNEaGc4W2UioCfGIYx6lncr3a9yseSty+dZ0=
github.com/KarpelesLab/gotz v0.1.2 h1:8kQPIqpfUnDRGiBNE1rmLpNeGLU165q5Y+uJcDXaZIQ=
github.com/KarpelesLab/gotz v0.1.2/go.mod h1:20mrJ9XoNEaGc4W2UioCfGIYx6lncr3a9yseSty+dZ0=
github.com/KarpelesLab/strftime v1.0.1 h1:PH1ZhqAAI1zcJQh4DUydpp5O2qO3KlFvR5rHCLdlqJk=
github.com/KarpelesLab/strftime v1.0.1/go.mod h1:xLw9GT4XcAfY1WLTwjqkhAc5jXK1RymeowV4rHm+J+Y=
github.com/KarpelesLab/strtotime v0.0.4 h1:FP9oOBvrFMHPx0mRCsLi6TByHlmbdndueB4zQ9CI75c=
github.com/KarpelesLab/strtotime v0.0.4/go.mod h1:egoQ8YSX0zVanpJAyWozDjVjlsnYRIDlRdDDiZZ131s=
github.com/KarpelesLab/strtotime v0.1.0 h1:lCRdLCqOaJTN5IZk7Z/nwjp172dMNvUCOefFBQIgWAc=
github.com/KarpelesLab/strtotime v0.1.0/go.mod h1:egoQ8YSX0zVanpJAyWozDjVjlsnYRIDlRdDDiZZ131s=
github.com/KarpelesLab/strtotime v0.1.1 h1:nfd9AAZhXhxnxw7vlYkw9BfYumQMYMWlVTED2t62ttc=
github.com/KarpelesLab/strtotime v0.1.1/go.mod h1:egoQ8YSX0zVanpJAyWozDjVjlsnYRIDlRdDDiZZ131s=
github.com/KarpelesLab/strtotime v0.1.2 h1:vpmrWYY6r0FYT2cNniIysTgbzWGI/goSv4UMU7RsQv0=
github.com/KarpelesLab/strtotime v0.1.2/go.mod h1:egoQ8YSX0zVanpJAyWozDjVjlsnYRIDlRdDDiZZ131s=
github.com/KarpelesLab/strtotime v0.1.3 h1:tQsj3+YPHSpqtU7wSKN41UKsTvlEGf7NDNiYOiAo3mo=
github.com/KarpelesLab/strtotime v0.1.3/go.mod h1:FRwKftHtUDyff++K3ffvgRVDiXmBvi+yl5ca21tBGsU=
github.com/KarpelesLab/strtotime v0.1.4 h1:/Xo5cw1Vm5FGiPk2laF9xNC1bW9MbcywtKPfQ1g1p8c=
github.com/KarpelesLab/strtotime v0.1.4/go.mod h1:hxrFBwdeWRdLYF1f8eZAugFPl5Xd/c0BdtqCgZ3Wv9I=
github.com/KarpelesLab/strtotime v0.1.5 h1:FyPTmhLxlUIPpCoB26JNCzDg6lv8mX3htZukPx8qj2E=
github.com/KarpelesLab/strtotime v0.1.5/go.mod h1:hxrFBwdeWRdLYF1f8eZAugFPl5Xd/c0BdtqCgZ3Wv9I=
github.com/KarpelesLab/strtotime v0.1.7 h1:SQ7Gr0IwE7U1bmdjoPtdjZ5ntVuFBxGkg4V085+zuOo=
github.com/KarpelesLab/strtotime v0.1.7/go.mod h1:hxrFBwdeWRdLYF1f8eZAugFPl5Xd/c0BdtqCgZ3Wv9I=
github.com/KarpelesLab/strtotime v0.1.8 h1:plFzeqmj7V24ib1DVTnx5ntk9onm0ml1S9E7tWm2+78=
github.com/KarpelesLab/strtotime v0.1.8/go.mod h1:hxrFBwdeWRdLYF1f8eZAugFPl5Xd/c0BdtqCgZ3Wv9I=
github.com/KarpelesLab/strtotime v0.1.9 h1:Zr0EXBprjN+hlTksXgkMH64rVWU+SRt68/9oTKU5u8w=
github.com/KarpelesLab/strtotime v0.1.9/go.mod h1:hxrFBwdeWRdLYF1f8eZAugFPl5Xd/c0BdtqCgZ3Wv9I=
github.com/KarpelesLab/strtotime v0.1.10 h1:cIlMDpjm01goL04zotCluhhHjxdVbRp2Q/EnFE39rs8=
github.com/KarpelesLab/strtotime v0.1.10/go.mod h1:hxrFBwdeWRdLYF1f8eZAugFPl5Xd/c0BdtqCgZ3Wv9I=
github.com/KarpelesLab/strtotime v0.1.11 h1:4omIBqTJDggRvE3Ss6znxFOK7I+H4nTYyEeH1/TpsMI=
github.com/KarpelesLab/strtotime v0.1.11/go.mod h1:hxrFBwdeWRdLYF1f8eZAugFPl5Xd/c0BdtqCgZ3Wv9I=
github.com/KarpelesLab/strtotime v0.1.12 h1:2tVRagAyltb6Q66Wwu4C57UG+GQW64l3/1WA2LHLSlo=
github.com/KarpelesLab/strtotime v0.1.12/go.mod h1:hxrFBwdeWRdLYF1f8eZAugFPl5Xd/c0BdtqCgZ3Wv9I=
github.com/KarpelesLab/strtotime v0.1.13 h1:ze4ycJrBABsaqldL4EJEq4/P6R/d+0by/O7SJhDBwTA=
github.com/KarpelesLab/strtotime v0.1.13/go.mod h1:hxrFBwdeWRdLYF1f8eZAugFPl5Xd/c0BdtqCgZ3Wv9I=
github.com/andreyvit/diff v0.0.0-20170406064948-c7f18ee00883 h1:bvNMNQO63//z+xNgfBlViaCIJKLlCJ6/fmUseuG0wVQ=
github.com/andreyvit/diff v0.0.0-20170406064948-c7f18ee00883/go.mod h1:rCTlJbsFo29Kk6CurOXKm700vrz8f0KW0JNfpkRJY/8=
github.com/davecgh/go-spew v1.1.0/go.mod h1:J7Y8YcW2NihsgmVo/mv3lAwl/skON4iLHjSsI+c5H38=
github.com/davecgh/go-spew v1.1.1 h1:vj9j/u1bqnvCEfJOwUhtlOARqs3+rkHYY13jYWTU97c=
github.com/davecgh/go-spew v1.1.1/go.mod h1:J7Y8YcW2NihsgmVo/mv3lAwl/skON4iLHjSsI+c5H38=
github.com/dustin/go-humanize v1.0.1 h1:GzkhY7T5VNhEkwH0PVJgjz+fX1rhBrR7pRT3mDkpeCY=
github.com/dustin/go-humanize v1.0.1/go.mod h1:Mu1zIs6XwVuF/gI1OepvI0qD18qycQx+mFykh5fBlto=
github.com/glebarez/go-sqlite v1.22.0 h1:uAcMJhaA6r3LHMTFgP0SifzgXg46yJkgxqyuyec+ruQ=
github.com/glebarez/go-sqlite v1.22.0/go.mod h1:PlBIdHe0+aUEFn+r2/uthrWq4FxbzugL0L8Li6yQJbc=
github.com/go-sql-driver/mysql v1.9.3 h1:U/N249h2WzJ3Ukj8SowVFjdtZKfu9vlLZxjPXV1aweo=
github.com/go-sql-driver/mysql v1.9.3/go.mod h1:qn46aNg1333BRMNU69Lq93t8du/dwxI64Gl8i5p1WMU=
github.com/goark/mt v1.0.0 h1:pGmGFOoe7q8TwMZSD7Q308UAjPgxWtMaf8Zau5ts/I4=
github.com/goark/mt v1.0.0/go.mod h1:MuaJqK3GbJAaLOy6wS2F4L17HasiBx4cscup6T8N7Aw=
github.com/google/uuid v1.5.0 h1:1p67kYwdtXjb0gL0BPiP1Av9wiZPo5A8z2cWkTZ+eyU=
github.com/google/uuid v1.5.0/go.mod h1:TIyPZe4MgqvfeYDBFedMoGGpEw/LqOeaOT+nhxU+yHo=
github.com/kr/pretty v0.1.0/go.mod h1:dAy3ld7l9f0ibDNOQOHHMYYIIbhfbHSm3C4ZsoJORNo=
github.com/kr/pty v1.1.1/go.mod h1:pFQYn66WHrOpPYNljwOMqo10TkYh1fy3cYio2l3bCsQ=
github.com/kr/text v0.1.0/go.mod h1:4Jbv+DJW3UT/LiOwJeYQe1efqtUx/iVham/4vfdArNI=
github.com/mattn/go-isatty v0.0.20 h1:xfD0iDuEKnDkl03q4limB+vH+GxLEtL/jb4xVJSWWEY=
github.com/mattn/go-isatty v0.0.20/go.mod h1:W+V8PltTTMOvKvAeJH7IuucS94S2C6jfK/D7dTCTo3Y=
github.com/pmezard/go-difflib v1.0.0 h1:4DBwDE0NGyQoBHbLQYPwSUPoCMWR5BEzIk/f1lZbAQM=
github.com/pmezard/go-difflib v1.0.0/go.mod h1:iKH77koFhYxTK1pcRnkKkqfTogsbg7gZNVY4sRDYZ/4=
github.com/remyoudompheng/bigfft v0.0.0-20230129092748-24d4a6f8daec h1:W09IVJc94icq4NjY3clb7Lk8O1qJ8BdBEF8z0ibU0rE=
github.com/remyoudompheng/bigfft v0.0.0-20230129092748-24d4a6f8daec/go.mod h1:qqbHyh8v60DhA7CoWK5oRCqLrMHRGoxYCSS9EjAz6Eo=
github.com/sergi/go-diff v1.3.1 h1:xkr+Oxo4BOQKmkn/B9eMK0g5Kg/983T9DqqPHwYqD+8=
github.com/sergi/go-diff v1.3.1/go.mod h1:aMJSSKb2lpPvRNec0+w3fl7LP9IOFzdc9Pa4NFbPK1I=
github.com/stretchr/objx v0.1.0/go.mod h1:HFkY916IF+rwdDfMAkV7OtwuqBVzrE8GR6GFx+wExME=
github.com/stretchr/testify v1.4.0/go.mod h1:j7eGeouHqKxXV5pUuKE4zz7dFj8WfuZ+81PSLYec5m4=
github.com/stretchr/testify v1.10.0 h1:Xv5erBjTwe/5IxqUQTdXv5kgmIvbHo3QQyRwhJsOfJA=
github.com/stretchr/testify v1.10.0/go.mod h1:r2ic/lqez/lEtzL7wO/rwa5dbSLXVDPFyf8C91i36aY=
golang.org/x/crypto v0.46.0 h1:cKRW/pmt1pKAfetfu+RCEvjvZkA9RimPbh7bhFjGVBU=
golang.org/x/crypto v0.46.0/go.mod h1:Evb/oLKmMraqjZ2iQTwDwvCtJkczlDuTmdJXoZVzqU0=
golang.org/x/image v0.39.0 h1:skVYidAEVKgn8lZ602XO75asgXBgLj9G/FE3RbuPFww=
golang.org/x/image v0.39.0/go.mod h1:sIbmppfU+xFLPIG0FoVUTvyBMmgng1/XAMhQ2ft0hpA=
golang.org/x/sys v0.6.0/go.mod h1:oPkhp1MJrh7nUepCBck5+mAzfO9JrbApNNgaTdGDITg=
golang.org/x/sys v0.40.0 h1:DBZZqJ2Rkml6QMQsZywtnjnnGvHza6BTfYFWY9kjEWQ=
golang.org/x/sys v0.40.0/go.mod h1:OgkHotnGiDImocRcuBABYBEXf8A9a87e/uXjp9XT3ks=
golang.org/x/text v0.33.0 h1:B3njUFyqtHDUI5jMn1YIr5B0IE2U0qck04r6d4KPAxE=
golang.org/x/text v0.33.0/go.mod h1:LuMebE6+rBincTi9+xWTY8TztLzKHc/9C1uBCG27+q8=
golang.org/x/text v0.36.0 h1:JfKh3XmcRPqZPKevfXVpI1wXPTqbkE5f7JA92a55Yxg=
golang.org/x/text v0.36.0/go.mod h1:NIdBknypM8iqVmPiuco0Dh6P5Jcdk8lJL0CUebqK164=
gopkg.in/check.v1 v0.0.0-20161208181325-20d25e280405/go.mod h1:Co6ibVJAznAaIkqp8huTwlJQCZ016jof/cbN4VW5Yz0=
gopkg.in/check.v1 v1.0.0-20190902080502-41f04d3bba15/go.mod h1:Co6ibVJAznAaIkqp8huTwlJQCZ016jof/cbN4VW5Yz0=
gopkg.in/yaml.v2 v2.2.2/go.mod h1:hI93XBmqTisBFMUTm0b8Fm+jr3Dg1NNxqwp+5A1VGuI=
gopkg.in/yaml.v2 v2.4.0/go.mod h1:RDklbk79AGWmwhnvt/jBztapEOGDOx6ZbXqjP6csGnQ=
gopkg.in/yaml.v3 v3.0.1 h1:fxVm/GzAzEWqLHuvctI91KS9hhNmmWOoWu0XTYJS7CA=
gopkg.in/yaml.v3 v3.0.1/go.mod h1:K4uyk7z7BCEPqu6E+C64Yfv1cQ7kz7rIZviUmN+EgEM=
modernc.org/libc v1.37.6 h1:orZH3c5wmhIQFTXF+Nt+eeauyd+ZIt2BX6ARe+kD+aw=
modernc.org/libc v1.37.6/go.mod h1:YAXkAZ8ktnkCKaN9sw/UDeUVkGYJ/YquGO4FTi5nmHE=
modernc.org/mathutil v1.6.0 h1:fRe9+AmYlaej+64JsEEhoWuAYBkOtQiMEU7n/XgfYi4=
modernc.org/mathutil v1.6.0/go.mod h1:Ui5Q9q1TR2gFm0AQRqQUaBWFLAhQpCwNcuhBOSedWPo=
modernc.org/memory v1.7.2 h1:Klh90S215mmH8c9gO98QxQFsY+W451E8AnzjoE2ee1E=
modernc.org/memory v1.7.2/go.mod h1:NO4NVCQy0N7ln+T9ngWqOQfi7ley4vpwvARR+Hjw95E=
modernc.org/sqlite v1.28.0 h1:Zx+LyDDmXczNnEQdvPuEfcFVA2ZPyaD7UCZDjef3BHQ=
modernc.org/sqlite v1.28.0/go.mod h1:Qxpazz0zH8Z1xCFyi5GSL3FzbtZ3fvbjmywNogldEW0=
